// !$*UTF8*$!
{
	archiveVersion = 1;
	classes = {
	};
	objectVersion = 56;
	objects = {

/* Begin PBXBuildFile section */
		ACA5C98E289698DB00FBB4CF /* MagicMathKidsApp.swift in Sources */ = {isa = PBXBuildFile; fileRef = ACA5C98D289698DB00FBB4CF /* MagicMathKidsApp.swift */; };
		ACA5C992289698DE00FBB4CF /* Assets.xcassets in Resources */ = {isa = PBXBuildFile; fileRef = ACA5C991289698DE00FBB4CF /* Assets.xcassets */; };
		ACA5C995289698DE00FBB4CF /* Preview Assets.xcassets in Resources */ = {isa = PBXBuildFile; fileRef = ACA5C994289698DE00FBB4CF /* Preview Assets.xcassets */; };
		ACA5C99C289698FC00FBB4CF /* CalculatorView.swift in Sources */ = {isa = PBXBuildFile; fileRef = ACA5C99B289698FC00FBB4CF /* CalculatorView.swift */; };
		ACA5C9A0289699F000FBB4CF /* ButtonType.swift in Sources */ = {isa = PBXBuildFile; fileRef = ACA5C99F289699F000FBB4CF /* ButtonType.swift */; };
		ACA5C9A2289699FA00FBB4CF /* Digit.swift in Sources */ = {isa = PBXBuildFile; fileRef = ACA5C9A1289699FA00FBB4CF /* Digit.swift */; };
		ACA5C9A428969A1700FBB4CF /* ArithmeticOperation.swift in Sources */ = {isa = PBXBuildFile; fileRef = ACA5C9A328969A1700FBB4CF /* ArithmeticOperation.swift */; };
		ACA5C9A72897EF0400FBB4CF /* CalculatorButtonStyle.swift in Sources */ = {isa = PBXBuildFile; fileRef = ACA5C9A62897EF0400FBB4CF /* CalculatorButtonStyle.swift */; };
		ACA5C9AA2897F45600FBB4CF /* CalculatorButton.swift in Sources */ = {isa = PBXBuildFile; fileRef = ACA5C9A92897F45600FBB4CF /* CalculatorButton.swift */; };
		ACA5C9AC2897F9E200FBB4CF /* Constants.swift in Sources */ = {isa = PBXBuildFile; fileRef = ACA5C9AB2897F9E200FBB4CF /* Constants.swift */; };
		ACA5C9B02898231700FBB4CF /* Calculator.swift in Sources */ = {isa = PBXBuildFile; fileRef = ACA5C9AF2898231700FBB4CF /* Calculator.swift */; };
		ACA5C9B22898237F00FBB4CF /* CalculatorViewModel.swift in Sources */ = {isa = PBXBuildFile; fileRef = ACA5C9B12898237F00FBB4CF /* CalculatorViewModel.swift */; };
/* End PBXBuildFile section */

/* Begin PBXFileReference section */
		ACA5C98A289698DB00FBB4CF /* MagicMathKids.app */ = {isa = PBXFileReference; explicitFileType = wrapper.application; includeInIndex = 0; path = MagicMathKids.app; sourceTree = BUILT_PRODUCTS_DIR; };
		ACA5C98D289698DB00FBB4CF /* MagicMathKidsApp.swift */ = {isa = PBXFileReference; lastKnownFileType = sourcecode.swift; path = MagicMathKidsApp.swift; sourceTree = "<group>"; };
		ACA5C991289698DE00FBB4CF /* Assets.xcassets */ = {isa = PBXFileReference; lastKnownFileType = folder.assetcatalog; path = Assets.xcassets; sourceTree = "<group>"; };
		ACA5C994289698DE00FBB4CF /* Preview Assets.xcassets */ = {isa = PBXFileReference; lastKnownFileType = folder.assetcatalog; path = "Preview Assets.xcassets"; sourceTree = "<group>"; };
		ACA5C99B289698FC00FBB4CF /* CalculatorView.swift */ = {isa = PBXFileReference; lastKnownFileType = sourcecode.swift; path = CalculatorView.swift; sourceTree = "<group>"; };
		ACA5C99F289699F000FBB4CF /* ButtonType.swift */ = {isa = PBXFileReference; lastKnownFileType = sourcecode.swift; path = ButtonType.swift; sourceTree = "<group>"; };
		ACA5C9A1289699FA00FBB4CF /* Digit.swift */ = {isa = PBXFileReference; lastKnownFileType = sourcecode.swift; path = Digit.swift; sourceTree = "<group>"; };
		ACA5C9A328969A1700FBB4CF /* ArithmeticOperation.swift */ = {isa = PBXFileReference; lastKnownFileType = sourcecode.swift; path = ArithmeticOperation.swift; sourceTree = "<group>"; };
		ACA5C9A62897EF0400FBB4CF /* CalculatorButtonStyle.swift */ = {isa = PBXFileReference; lastKnownFileType = sourcecode.swift; path = CalculatorButtonStyle.swift; sourceTree = "<group>"; };
		ACA5C9A92897F45600FBB4CF /* CalculatorButton.swift */ = {isa = PBXFileReference; lastKnownFileType = sourcecode.swift; path = CalculatorButton.swift; sourceTree = "<group>"; };
		ACA5C9AB2897F9E200FBB4CF /* Constants.swift */ = {isa = PBXFileReference; lastKnownFileType = sourcecode.swift; path = Constants.swift; sourceTree = "<group>"; };
		ACA5C9AF2898231700FBB4CF /* Calculator.swift */ = {isa = PBXFileReference; lastKnownFileType = sourcecode.swift; path = Calculator.swift; sourceTree = "<group>"; };
		ACA5C9B12898237F00FBB4CF /* CalculatorViewModel.swift */ = {isa = PBXFileReference; lastKnownFileType = sourcecode.swift; path = CalculatorViewModel.swift; sourceTree = "<group>"; };
/* End PBXFileReference section */

/* Begin PBXFrameworksBuildPhase section */
		ACA5C987289698DB00FBB4CF /* Frameworks */ = {
			isa = PBXFrameworksBuildPhase;
			buildActionMask = 2147483647;
			files = (
			);
			runOnlyForDeploymentPostprocessing = 0;
		};
/* End PBXFrameworksBuildPhase section */

/* Begin PBXGroup section */
		ACA5C981289698DB00FBB4CF = {
			isa = PBXGroup;
			children = (
				ACA5C98C289698DB00FBB4CF /* MagicMathKids */,
				ACA5C98B289698DB00FBB4CF /* Products */,
			);
			sourceTree = "<group>";
		};
		ACA5C98B289698DB00FBB4CF /* Products */ = {
			isa = PBXGroup;
			children = (
				ACA5C98A289698DB00FBB4CF /* MagicMathKids.app */,
			);
			name = Products;
			sourceTree = "<group>";
		};
		ACA5C98C289698DB00FBB4CF /* MagicMathKids */ = {
			isa = PBXGroup;
			children = (
				ACA5C98D289698DB00FBB4CF /* MagicMathKidsApp.swift */,
				ACA5C9AB2897F9E200FBB4CF /* Constants.swift */,
				ACA5C9A52897EEEA00FBB4CF /* Styles */,
				ACA5C99E289699C100FBB4CF /* Models */,
				ACA5C99D289699BA00FBB4CF /* Views */,
				ACA5C991289698DE00FBB4CF /* Assets.xcassets */,
				ACA5C993289698DE00FBB4CF /* Preview Content */,
			);
			path = MagicMathKids;
			sourceTree = "<group>";
		};
		ACA5C993289698DE00FBB4CF /* Preview Content */ = {
			isa = PBXGroup;
			children = (
				ACA5C994289698DE00FBB4CF /* Preview Assets.xcassets */,
			);
			path = "Preview Content";
			sourceTree = "<group>";
		};
		ACA5C99D289699BA00FBB4CF /* Views */ = {
			isa = PBXGroup;
			children = (
				ACA5C9A82897F3F900FBB4CF /* Components */,
				ACA5C99B289698FC00FBB4CF /* CalculatorView.swift */,
				ACA5C9B12898237F00FBB4CF /* CalculatorViewModel.swift */,
			);
			path = Views;
			sourceTree = "<group>";
		};
		ACA5C99E289699C100FBB4CF /* Models */ = {
			isa = PBXGroup;
			children = (
				ACA5C99F289699F000FBB4CF /* ButtonType.swift */,
				ACA5C9A1289699FA00FBB4CF /* Digit.swift */,
				ACA5C9A328969A1700FBB4CF /* ArithmeticOperation.swift */,
				ACA5C9AF2898231700FBB4CF /* Calculator.swift */,
			);
			path = Models;
			sourceTree = "<group>";
		};
		ACA5C9A52897EEEA00FBB4CF /* Styles */ = {
			isa = PBXGroup;
			children = (
				ACA5C9A62897EF0400FBB4CF /* CalculatorButtonStyle.swift */,
			);
			path = Styles;
			sourceTree = "<group>";
		};
		ACA5C9A82897F3F900FBB4CF /* Components */ = {
			isa = PBXGroup;
			children = (
				ACA5C9A92897F45600FBB4CF /* CalculatorButton.swift */,
			);
			path = Components;
			sourceTree = "<group>";
		};
/* End PBXGroup section */

/* Begin PBXNativeTarget section */
		ACA5C989289698DB00FBB4CF /* MagicMathKids */ = {
			isa = PBXNativeTarget;
			buildConfigurationList = ACA5C998289698DE00FBB4CF /* Build configuration list for PBXNativeTarget "MagicMathKids" */;
			buildPhases = (
				ACA5C986289698DB00FBB4CF /* Sources */,
				ACA5C987289698DB00FBB4CF /* Frameworks */,
				ACA5C988289698DB00FBB4CF /* Resources */,
			);
			buildRules = (
			);
			dependencies = (
			);
			name = MagicMathKids;
			productName = MagicMathKids;
			productReference = ACA5C98A289698DB00FBB4CF /* MagicMathKids.app */;
			productType = "com.apple.product-type.application";
		};
/* End PBXNativeTarget section */

/* Begin PBXProject section */
		ACA5C982289698DB00FBB4CF /* Project object */ = {
			isa = PBXProject;
			attributes = {
				BuildIndependentTargetsInParallel = 1;
				LastSwiftUpdateCheck = 1400;
				LastUpgradeCheck = 1400;
				TargetAttributes = {
					ACA5C989289698DB00FBB4CF = {
						CreatedOnToolsVersion = 14.0;
					};
				};
			};
			buildConfigurationList = ACA5C985289698DB00FBB4CF /* Build configuration list for PBXProject "MagicMathKids" */;
			compatibilityVersion = "Xcode 14.0";
			developmentRegion = en;
			hasScannedForEncodings = 0;
			knownRegions = (
				en,
				Base,
			);
			mainGroup = ACA5C981289698DB00FBB4CF;
			productRefGroup = ACA5C98B289698DB00FBB4CF /* Products */;
			projectDirPath = "";
			projectRoot = "";
			targets = (
				ACA5C989289698DB00FBB4CF /* MagicMathKids */,
			);
		};
/* End PBXProject section */

/* Begin PBXResourcesBuildPhase section */
		ACA5C988289698DB00FBB4CF /* Resources */ = {
			isa = PBXResourcesBuildPhase;
			buildActionMask = 2147483647;
			files = (
				ACA5C995289698DE00FBB4CF /* Preview Assets.xcassets in Resources */,
				ACA5C992289698DE00FBB4CF /* Assets.xcassets in Resources */,
			);
			runOnlyForDeploymentPostprocessing = 0;
		};
/* End PBXResourcesBuildPhase section */

/* Begin PBXSourcesBuildPhase section */
		ACA5C986289698DB00FBB4CF /* Sources */ = {
			isa = PBXSourcesBuildPhase;
			buildActionMask = 2147483647;
			files = (
				ACA5C9A428969A1700FBB4CF /* ArithmeticOperation.swift in Sources */,
				ACA5C9AA2897F45600FBB4CF /* CalculatorButton.swift in Sources */,
				ACA5C98E289698DB00FBB4CF /* MagicMathKidsApp.swift in Sources */,
				ACA5C9A0289699F000FBB4CF /* ButtonType.swift in Sources */,
				ACA5C9B22898237F00FBB4CF /* CalculatorViewModel.swift in Sources */,
				ACA5C9A72897EF0400FBB4CF /* CalculatorButtonStyle.swift in Sources */,
				ACA5C9B02898231700FBB4CF /* Calculator.swift in Sources */,
				ACA5C99C289698FC00FBB4CF /* CalculatorView.swift in Sources */,
				ACA5C9A2289699FA00FBB4CF /* Digit.swift in Sources */,
				ACA5C9AC2897F9E200FBB4CF /* Constants.swift in Sources */,
			);
			runOnlyForDeploymentPostprocessing = 0;
		};
/* End PBXSourcesBuildPhase section */

/* Begin XCBuildConfiguration section */
		ACA5C996289698DE00FBB4CF /* Debug */ = {
			isa = XCBuildConfiguration;
			buildSettings = {
				ALWAYS_SEARCH_USER_PATHS = NO;
				CLANG_ANALYZER_NONNULL = YES;
				CLANG_ANALYZER_NUMBER_OBJECT_CONVERSION = YES_AGGRESSIVE;
				CLANG_CXX_LANGUAGE_STANDARD = "gnu++20";
				CLANG_ENABLE_MODULES = YES;
				CLANG_ENABLE_OBJC_ARC = YES;
				CLANG_ENABLE_OBJC_WEAK = YES;
				CLANG_WARN_BLOCK_CAPTURE_AUTORELEASING = YES;
				CLANG_WARN_BOOL_CONVERSION = YES;
				CLANG_WARN_COMMA = YES;
				CLANG_WARN_CONSTANT_CONVERSION = YES;
				CLANG_WARN_DEPRECATED_OBJC_IMPLEMENTATIONS = YES;
				CLANG_WARN_DIRECT_OBJC_ISA_USAGE = YES_ERROR;
				CLANG_WARN_DOCUMENTATION_COMMENTS = YES;
				CLANG_WARN_EMPTY_BODY = YES;
				CLANG_WARN_ENUM_CONVERSION = YES;
				CLANG_WARN_INFINITE_RECURSION = YES;
				CLANG_WARN_INT_CONVERSION = YES;
				CLANG_WARN_NON_LITERAL_NULL_CONVERSION = YES;
				CLANG_WARN_OBJC_IMPLICIT_RETAIN_SELF = YES;
				CLANG_WARN_OBJC_LITERAL_CONVERSION = YES;
				CLANG_WARN_OBJC_ROOT_CLASS = YES_ERROR;
				CLANG_WARN_QUOTED_INCLUDE_IN_FRAMEWORK_HEADER = YES;
				CLANG_WARN_RANGE_LOOP_ANALYSIS = YES;
				CLANG_WARN_STRICT_PROTOTYPES = YES;
				CLANG_WARN_SUSPICIOUS_MOVE = YES;
				CLANG_WARN_UNGUARDED_AVAILABILITY = YES_AGGRESSIVE;
				CLANG_WARN_UNREACHABLE_CODE = YES;
				CLANG_WARN__DUPLICATE_METHOD_MATCH = YES;
				COPY_PHASE_STRIP = NO;
				DEBUG_INFORMATION_FORMAT = dwarf;
				ENABLE_STRICT_OBJC_MSGSEND = YES;
				ENABLE_TESTABILITY = YES;
				GCC_C_LANGUAGE_STANDARD = gnu11;
				GCC_DYNAMIC_NO_PIC = NO;
				GCC_NO_COMMON_BLOCKS = YES;
				GCC_OPTIMIZATION_LEVEL = 0;
				GCC_PREPROCESSOR_DEFINITIONS = (
					"DEBUG=1",
					"$(inherited)",
				);
				GCC_WARN_64_TO_32_BIT_CONVERSION = YES;
				GCC_WARN_ABOUT_RETURN_TYPE = YES_ERROR;
				GCC_WARN_UNDECLARED_SELECTOR = YES;
				GCC_WARN_UNINITIALIZED_AUTOS = YES_AGGRESSIVE;
				GCC_WARN_UNUSED_FUNCTION = YES;
				GCC_WARN_UNUSED_VARIABLE = YES;
				IPHONEOS_DEPLOYMENT_TARGET = 16.0;
				MTL_ENABLE_DEBUG_INFO = INCLUDE_SOURCE;
				MTL_FAST_MATH = YES;
				ONLY_ACTIVE_ARCH = YES;
				SDKROOT = iphoneos;
				SWIFT_ACTIVE_COMPILATION_CONDITIONS = DEBUG;
				SWIFT_OPTIMIZATION_LEVEL = "-Onone";
			};
			name = Debug;
		};
		ACA5C997289698DE00FBB4CF /* Release */ = {
			isa = XCBuildConfiguration;
			buildSettings = {
				ALWAYS_SEARCH_USER_PATHS = NO;
				CLANG_ANALYZER_NONNULL = YES;
				CLANG_ANALYZER_NUMBER_OBJECT_CONVERSION = YES_AGGRESSIVE;
				CLANG_CXX_LANGUAGE_STANDARD = "gnu++20";
				CLANG_ENABLE_MODULES = YES;
				CLANG_ENABLE_OBJC_ARC = YES;
				CLANG_ENABLE_OBJC_WEAK = YES;
				CLANG_WARN_BLOCK_CAPTURE_AUTORELEASING = YES;
				CLANG_WARN_BOOL_CONVERSION = YES;
				CLANG_WARN_COMMA = YES;
				CLANG_WARN_CONSTANT_CONVERSION = YES;
				CLANG_WARN_DEPRECATED_OBJC_IMPLEMENTATIONS = YES;
				CLANG_WARN_DIRECT_OBJC_ISA_USAGE = YES_ERROR;
				CLANG_WARN_DOCUMENTATION_COMMENTS = YES;
				CLANG_WARN_EMPTY_BODY = YES;
				CLANG_WARN_ENUM_CONVERSION = YES;
				CLANG_WARN_INFINITE_RECURSION = YES;
				CLANG_WARN_INT_CONVERSION = YES;
				CLANG_WARN_NON_LITERAL_NULL_CONVERSION = YES;
				CLANG_WARN_OBJC_IMPLICIT_RETAIN_SELF = YES;
				CLANG_WARN_OBJC_LITERAL_CONVERSION = YES;
				CLANG_WARN_OBJC_ROOT_CLASS = YES_ERROR;
				CLANG_WARN_QUOTED_INCLUDE_IN_FRAMEWORK_HEADER = YES;
				CLANG_WARN_RANGE_LOOP_ANALYSIS = YES;
				CLANG_WARN_STRICT_PROTOTYPES = YES;
				CLANG_WARN_SUSPICIOUS_MOVE = YES;
				CLANG_WARN_UNGUARDED_AVAILABILITY = YES_AGGRESSIVE;
				CLANG_WARN_UNREACHABLE_CODE = YES;
				CLANG_WARN__DUPLICATE_METHOD_MATCH = YES;
				COPY_PHASE_STRIP = NO;
				DEBUG_INFORMATION_FORMAT = "dwarf-with-dsym";
				ENABLE_NS_ASSERTIONS = NO;
				ENABLE_STRICT_OBJC_MSGSEND = YES;
				GCC_C_LANGUAGE_STANDARD = gnu11;
				GCC_NO_COMMON_BLOCKS = YES;
				GCC_WARN_64_TO_32_BIT_CONVERSION = YES;
				GCC_WARN_ABOUT_RETURN_TYPE = YES_ERROR;
				GCC_WARN_UNDECLARED_SELECTOR = YES;
				GCC_WARN_UNINITIALIZED_AUTOS = YES_AGGRESSIVE;
				GCC_WARN_UNUSED_FUNCTION = YES;
				GCC_WARN_UNUSED_VARIABLE = YES;
				IPHONEOS_DEPLOYMENT_TARGET = 16.0;
				MTL_ENABLE_DEBUG_INFO = NO;
				MTL_FAST_MATH = YES;
				SDKROOT = iphoneos;
				SWIFT_COMPILATION_MODE = wholemodule;
				SWIFT_OPTIMIZATION_LEVEL = "-O";
				VALIDATE_PRODUCT = YES;
			};
			name = Release;
		};
		ACA5C999289698DE00FBB4CF /* Debug */ = {
			isa = XCBuildConfiguration;
			buildSettings = {
				ASSETCATALOG_COMPILER_APPICON_NAME = AppIcon;
				ASSETCATALOG_COMPILER_GLOBAL_ACCENT_COLOR_NAME = AccentColor;
				CODE_SIGN_STYLE = Automatic;
				CURRENT_PROJECT_VERSION = 1;
				DEVELOPMENT_ASSET_PATHS = "\"MagicMathKids/Preview Content\"";
				DEVELOPMENT_TEAM = 8C4V5Y6W3A;
				ENABLE_PREVIEWS = YES;
				GENERATE_INFOPLIST_FILE = YES;
				INFOPLIST_KEY_UIApplicationSceneManifest_Generation = YES;
				INFOPLIST_KEY_UIApplicationSupportsIndirectInputEvents = YES;
				INFOPLIST_KEY_UILaunchScreen_Generation = YES;
				INFOPLIST_KEY_UISupportedInterfaceOrientations_iPad = "UIInterfaceOrientationPortrait UIInterfaceOrientationPortraitUpsideDown UIInterfaceOrientationLandscapeLeft UIInterfaceOrientationLandscapeRight";
				INFOPLIST_KEY_UISupportedInterfaceOrientations_iPhone = "UIInterfaceOrientationPortrait UIInterfaceOrientationLandscapeLeft UIInterfaceOrientationLandscapeRight";
				LD_RUNPATH_SEARCH_PATHS = (
					"$(inherited)",
					"@executable_path/Frameworks",
				);
				MARKETING_VERSION = 1.0;
				PRODUCT_BUNDLE_IDENTIFIER = com.rowdur.MagicMathKids;
				PRODUCT_NAME = "$(TARGET_NAME)";
				SWIFT_EMIT_LOC_STRINGS = YES;
				SWIFT_VERSION = 5.0;
				TARGETED_DEVICE_FAMILY = "1,2";
			};
			name = Debug;
		};
		ACA5C99A289698DE00FBB4CF /* Release */ = {
			isa = XCBuildConfiguration;
			buildSettings = {
				ASSETCATALOG_COMPILER_APPICON_NAME = AppIcon;
				ASSETCATALOG_COMPILER_GLOBAL_ACCENT_COLOR_NAME = AccentColor;
				CODE_SIGN_STYLE = Automatic;
				CURRENT_PROJECT_VERSION = 1;
				DEVELOPMENT_ASSET_PATHS = "\"MagicMathKids/Preview Content\"";
				DEVELOPMENT_TEAM = 8C4V5Y6W3A;
				ENABLE_PREVIEWS = YES;
				GENERATE_INFOPLIST_FILE = YES;
				INFOPLIST_KEY_UIApplicationSceneManifest_Generation = YES;
				INFOPLIST_KEY_UIApplicationSupportsIndirectInputEvents = YES;
				INFOPLIST_KEY_UILaunchScreen_Generation = YES;
				INFOPLIST_KEY_UISupportedInterfaceOrientations_iPad = "UIInterfaceOrientationPortrait UIInterfaceOrientationPortraitUpsideDown UIInterfaceOrientationLandscapeLeft UIInterfaceOrientationLandscapeRight";
				INFOPLIST_KEY_UISupportedInterfaceOrientations_iPhone = "UIInterfaceOrientationPortrait UIInterfaceOrientationLandscapeLeft UIInterfaceOrientationLandscapeRight";
				LD_RUNPATH_SEARCH_PATHS = (
					"$(inherited)",
					"@executable_path/Frameworks",
				);
				MARKETING_VERSION = 1.0;
				PRODUCT_BUNDLE_IDENTIFIER = com.rowdur.MagicMathKids;
				PRODUCT_NAME = "$(TARGET_NAME)";
				SWIFT_EMIT_LOC_STRINGS = YES;
				SWIFT_VERSION = 5.0;
				TARGETED_DEVICE_FAMILY = "1,2";
			};
			name = Release;
		};
/* End XCBuildConfiguration section */

/* Begin XCConfigurationList section */
		ACA5C985289698DB00FBB4CF /* Build configuration list for PBXProject "MagicMathKids" */ = {
			isa = XCConfigurationList;
			buildConfigurations = (
				ACA5C996289698DE00FBB4CF /* Debug */,
				ACA5C997289698DE00FBB4CF /* Release */,
			);
			defaultConfigurationIsVisible = 0;
			defaultConfigurationName = Release;
		};
		ACA5C998289698DE00FBB4CF /* Build configuration list for PBXNativeTarget "MagicMathKids" */ = {
			isa = XCConfigurationList;
			buildConfigurations = (
				ACA5C999289698DE00FBB4CF /* Debug */,
				ACA5C99A289698DE00FBB4CF /* Release */,
			);
			defaultConfigurationIsVisible = 0;
			defaultConfigurationName = Release;
		};
/* End XCConfigurationList section */
	};
	rootObject = ACA5C982289698DB00FBB4CF /* Project object */;
}
